
Microsoft Visual Studio Solution File, Format Version 12.00
# Visual Studio Version 16
VisualStudioVersion = 16.0.33027.164
MinimumVisualStudioVersion = 10.0.40219.1
Project("{FAE04EC0-301F-11D3-BF4B-00C04F79EFBC}") = "CIS 4330 Final Project", "CIS 4330 Final Project\CIS 4330 Final Project.csproj", "{BA2199A2-7D0E-487F-9E53-6586B7746A7B}"
EndProject
Global
	GlobalSection(SolutionConfigurationPlatforms) = preSolution
		Debug|Any CPU = Debug|Any CPU
		Release|Any CPU = Release|Any CPU
	EndGlobalSection
	GlobalSection(ProjectConfigurationPlatforms) = postSolution
		{BA2199A2-7D0E-487F-9E53-6586B7746A7B}.Debug|Any CPU.ActiveCfg = Debug|Any CPU
		{BA2199A2-7D0E-487F-9E53-6586B7746A7B}.Debug|Any CPU.Build.0 = Debug|Any CPU
		{BA2199A2-7D0E-487F-9E53-6586B7746A7B}.Release|Any CPU.ActiveCfg = Release|Any CPU
		{BA2199A2-7D0E-487F-9E53-6586B7746A7B}.Release|Any CPU.Build.0 = Release|Any CPU
	EndGlobalSection
	GlobalSection(SolutionProperties) = preSolution
		HideSolutionNode = FALSE
	EndGlobalSection
	GlobalSection(ExtensibilityGlobals) = postSolution
		SolutionGuid = {7C485771-B3F1-47CD-86FB-CE761375B924}
	EndGlobalSection
EndGlobal
